
Microsoft Visual Studio Solution File, Format Version 12.00
# Visual Studio Version 16
VisualStudioVersion = 16.0.34601.136
MinimumVisualStudioVersion = 10.0.40219.1
Project("{8BC9CEB8-8B4A-11D0-8D11-00A0C91BC942}") = "Lab_1", "Lab_1\Lab_1.vcxproj", "{1C606A5C-2957-48F2-9C5F-D28E9EF30AA4}"
EndProject
Global
	GlobalSection(SolutionConfigurationPlatforms) = preSolution
		Debug|x64 = Debug|x64
		Debug|x86 = Debug|x86
		Release|x64 = Release|x64
		Release|x86 = Release|x86
	EndGlobalSection
	GlobalSection(ProjectConfigurationPlatforms) = postSolution
		{1C606A5C-2957-48F2-9C5F-D28E9EF30AA4}.Debug|x64.ActiveCfg = Debug|x64
		{1C606A5C-2957-48F2-9C5F-D28E9EF30AA4}.Debug|x64.Build.0 = Debug|x64
		{1C606A5C-2957-48F2-9C5F-D28E9EF30AA4}.Debug|x86.ActiveCfg = Debug|Win32
		{1C606A5C-2957-48F2-9C5F-D28E9EF30AA4}.Debug|x86.Build.0 = Debug|Win32
		{1C606A5C-2957-48F2-9C5F-D28E9EF30AA4}.Release|x64.ActiveCfg = Release|x64
		{1C606A5C-2957-48F2-9C5F-D28E9EF30AA4}.Release|x64.Build.0 = Release|x64
		{1C606A5C-2957-48F2-9C5F-D28E9EF30AA4}.Release|x86.ActiveCfg = Release|Win32
		{1C606A5C-2957-48F2-9C5F-D28E9EF30AA4}.Release|x86.Build.0 = Release|Win32
	EndGlobalSection
	GlobalSection(SolutionProperties) = preSolution
		HideSolutionNode = FALSE
	EndGlobalSection
	GlobalSection(ExtensibilityGlobals) = postSolution
		SolutionGuid = {8F5807D5-95AB-4DF9-AC5C-A2E5F8B358FB}
	EndGlobalSection
EndGlobal
